{
  "version": 4,
  "terraform_version": "1.10.1",
  "serial": 52,
  "lineage": "3e8001b5-fdb8-5e3c-6d2b-065f167faa14",
  "outputs": {
    "storage_transfer_service_agent": {
      "value": "project-530707693941@storage-transfer-service.iam.gserviceaccount.com",
      "type": "string"
    }
  },
  "resources": [
    {
      "mode": "data",
      "type": "google_storage_transfer_project_service_account",
      "name": "default",
      "provider": "provider[\"registry.terraform.io/hashicorp/google\"]",
      "instances": [
        {
          "schema_version": 0,
          "attributes": {
            "email": "project-530707693941@storage-transfer-service.iam.gserviceaccount.com",
            "id": "project-530707693941@storage-transfer-service.iam.gserviceaccount.com",
            "member": "serviceAccount:project-530707693941@storage-transfer-service.iam.gserviceaccount.com",
            "project": "testproject-438104",
            "subject_id": "118022582677257117706"
          },
          "sensitive_attributes": []
        }
      ]
    },
    {
      "mode": "managed",
      "type": "google_storage_bucket",
      "name": "destination",
      "provider": "provider[\"registry.terraform.io/hashicorp/google\"]",
      "instances": [
        {
          "schema_version": 3,
          "attributes": {
            "autoclass": [],
            "cors": [],
            "custom_placement_config": [],
            "default_event_based_hold": false,
            "effective_labels": {
              "goog-terraform-provisioned": "true"
            },
            "enable_object_retention": false,
            "encryption": [],
            "force_destroy": false,
            "hierarchical_namespace": [
              {
                "enabled": false
              }
            ],
            "id": "mcd-concomm-destination-bucket",
            "labels": {},
            "lifecycle_rule": [],
            "location": "US-CENTRAL1",
            "logging": [],
            "name": "mcd-concomm-destination-bucket",
            "project": "testproject-438104",
            "project_number": 530707693941,
            "public_access_prevention": "inherited",
            "requester_pays": false,
            "retention_policy": [],
            "rpo": null,
            "self_link": "https://www.googleapis.com/storage/v1/b/mcd-concomm-destination-bucket",
            "soft_delete_policy": [
              {
                "effective_time": "2024-12-14T05:41:02.386Z",
                "retention_duration_seconds": 604800
              }
            ],
            "storage_class": "STANDARD",
            "terraform_labels": {
              "goog-terraform-provisioned": "true"
            },
            "timeouts": null,
            "uniform_bucket_level_access": true,
            "url": "gs://mcd-concomm-destination-bucket",
            "versioning": [],
            "website": []
          },
          "sensitive_attributes": [],
          "private": "eyJlMmJmYjczMC1lY2FhLTExZTYtOGY4OC0zNDM2M2JjN2M0YzAiOnsiY3JlYXRlIjo2MDAwMDAwMDAwMDAsInJlYWQiOjI0MDAwMDAwMDAwMCwidXBkYXRlIjoyNDAwMDAwMDAwMDB9LCJzY2hlbWFfdmVyc2lvbiI6IjMifQ=="
        }
      ]
    },
    {
      "mode": "managed",
      "type": "google_storage_bucket",
      "name": "source",
      "provider": "provider[\"registry.terraform.io/hashicorp/google\"]",
      "instances": [
        {
          "schema_version": 3,
          "attributes": {
            "autoclass": [],
            "cors": [],
            "custom_placement_config": [],
            "default_event_based_hold": false,
            "effective_labels": {
              "goog-terraform-provisioned": "true"
            },
            "enable_object_retention": false,
            "encryption": [],
            "force_destroy": false,
            "hierarchical_namespace": [
              {
                "enabled": false
              }
            ],
            "id": "mcd-concomm-source-bucket",
            "labels": {},
            "lifecycle_rule": [],
            "location": "US-CENTRAL1",
            "logging": [],
            "name": "mcd-concomm-source-bucket",
            "project": "testproject-438104",
            "project_number": 530707693941,
            "public_access_prevention": "inherited",
            "requester_pays": false,
            "retention_policy": [],
            "rpo": null,
            "self_link": "https://www.googleapis.com/storage/v1/b/mcd-concomm-source-bucket",
            "soft_delete_policy": [
              {
                "effective_time": "2024-12-14T05:41:02.292Z",
                "retention_duration_seconds": 604800
              }
            ],
            "storage_class": "STANDARD",
            "terraform_labels": {
              "goog-terraform-provisioned": "true"
            },
            "timeouts": null,
            "uniform_bucket_level_access": true,
            "url": "gs://mcd-concomm-source-bucket",
            "versioning": [],
            "website": []
          },
          "sensitive_attributes": [],
          "private": "eyJlMmJmYjczMC1lY2FhLTExZTYtOGY4OC0zNDM2M2JjN2M0YzAiOnsiY3JlYXRlIjo2MDAwMDAwMDAwMDAsInJlYWQiOjI0MDAwMDAwMDAwMCwidXBkYXRlIjoyNDAwMDAwMDAwMDB9LCJzY2hlbWFfdmVyc2lvbiI6IjMifQ=="
        }
      ]
    },
    {
      "mode": "managed",
      "type": "google_storage_bucket_iam_binding",
      "name": "destination_bucket_binding_legacyBucketWriter",
      "provider": "provider[\"registry.terraform.io/hashicorp/google\"]",
      "instances": [
        {
          "schema_version": 0,
          "attributes": {
            "bucket": "b/mcd-concomm-destination-bucket",
            "condition": [],
            "etag": "CAM=",
            "id": "b/mcd-concomm-destination-bucket/roles/storage.legacyBucketWriter",
            "members": [
              "serviceAccount:project-530707693941@storage-transfer-service.iam.gserviceaccount.com"
            ],
            "role": "roles/storage.legacyBucketWriter"
          },
          "sensitive_attributes": [],
          "private": "bnVsbA==",
          "dependencies": [
            "data.google_storage_transfer_project_service_account.default",
            "google_storage_bucket.destination"
          ]
        }
      ]
    },
    {
      "mode": "managed",
      "type": "google_storage_bucket_iam_binding",
      "name": "destination_bucket_binding_objectViewer",
      "provider": "provider[\"registry.terraform.io/hashicorp/google\"]",
      "instances": [
        {
          "schema_version": 0,
          "attributes": {
            "bucket": "b/mcd-concomm-destination-bucket",
            "condition": [],
            "etag": "CAM=",
            "id": "b/mcd-concomm-destination-bucket/roles/storage.objectViewer",
            "members": [
              "serviceAccount:project-530707693941@storage-transfer-service.iam.gserviceaccount.com"
            ],
            "role": "roles/storage.objectViewer"
          },
          "sensitive_attributes": [],
          "private": "bnVsbA==",
          "dependencies": [
            "data.google_storage_transfer_project_service_account.default",
            "google_storage_bucket.destination"
          ]
        }
      ]
    },
    {
      "mode": "managed",
      "type": "google_storage_bucket_iam_binding",
      "name": "source_bucket_binding_legacyBucketWriter",
      "provider": "provider[\"registry.terraform.io/hashicorp/google\"]",
      "instances": [
        {
          "schema_version": 0,
          "attributes": {
            "bucket": "b/mcd-concomm-source-bucket",
            "condition": [],
            "etag": "CAc=",
            "id": "b/mcd-concomm-source-bucket/roles/storage.legacyBucketWriter",
            "members": [
              "serviceAccount:project-530707693941@storage-transfer-service.iam.gserviceaccount.com"
            ],
            "role": "roles/storage.legacyBucketWriter"
          },
          "sensitive_attributes": [],
          "private": "bnVsbA==",
          "dependencies": [
            "data.google_storage_transfer_project_service_account.default",
            "google_storage_bucket.source"
          ]
        }
      ]
    },
    {
      "mode": "managed",
      "type": "google_storage_bucket_iam_binding",
      "name": "source_bucket_binding_objectViewer",
      "provider": "provider[\"registry.terraform.io/hashicorp/google\"]",
      "instances": [
        {
          "schema_version": 0,
          "attributes": {
            "bucket": "b/mcd-concomm-source-bucket",
            "condition": [],
            "etag": "CAc=",
            "id": "b/mcd-concomm-source-bucket/roles/storage.objectViewer",
            "members": [
              "serviceAccount:project-530707693941@storage-transfer-service.iam.gserviceaccount.com"
            ],
            "role": "roles/storage.objectViewer"
          },
          "sensitive_attributes": [],
          "private": "bnVsbA==",
          "dependencies": [
            "data.google_storage_transfer_project_service_account.default",
            "google_storage_bucket.source"
          ]
        }
      ]
    },
    {
      "mode": "managed",
      "type": "google_storage_transfer_job",
      "name": "transfer_job",
      "provider": "provider[\"registry.terraform.io/hashicorp/google\"]",
      "instances": [
        {
          "schema_version": 0,
          "attributes": {
            "creation_time": "2024-12-14T13:14:43.876236798Z",
            "deletion_time": "",
            "description": "Transfer files between GCP buckets daily",
            "event_stream": [],
            "id": "testproject-438104/15424631596170520209",
            "last_modification_time": "2024-12-14T13:14:43.876236798Z",
            "name": "transferJobs/15424631596170520209",
            "notification_config": [],
            "project": "testproject-438104",
            "schedule": [
              {
                "repeat_interval": "86400s",
                "schedule_end_date": [],
                "schedule_start_date": [
                  {
                    "day": 1,
                    "month": 1,
                    "year": 2024
                  }
                ],
                "start_time_of_day": [
                  {
                    "hours": 0,
                    "minutes": 0,
                    "nanos": 0,
                    "seconds": 0
                  }
                ]
              }
            ],
            "status": "ENABLED",
            "transfer_spec": [
              {
                "aws_s3_data_source": [],
                "azure_blob_storage_data_source": [],
                "gcs_data_sink": [
                  {
                    "bucket_name": "mcd-concomm-destination-bucket",
                    "path": ""
                  }
                ],
                "gcs_data_source": [
                  {
                    "bucket_name": "mcd-concomm-source-bucket",
                    "path": ""
                  }
                ],
                "http_data_source": [],
                "object_conditions": [],
                "posix_data_sink": [],
                "posix_data_source": [],
                "sink_agent_pool_name": "",
                "source_agent_pool_name": "",
                "transfer_options": [
                  {
                    "delete_objects_from_source_after_transfer": false,
                    "delete_objects_unique_in_sink": false,
                    "overwrite_objects_already_existing_in_sink": true,
                    "overwrite_when": ""
                  }
                ]
              }
            ]
          },
          "sensitive_attributes": [],
          "private": "bnVsbA==",
          "dependencies": [
            "data.google_storage_transfer_project_service_account.default",
            "google_storage_bucket.destination",
            "google_storage_bucket.source",
            "google_storage_bucket_iam_binding.destination_bucket_binding_legacyBucketWriter",
            "google_storage_bucket_iam_binding.destination_bucket_binding_objectViewer",
            "google_storage_bucket_iam_binding.source_bucket_binding_legacyBucketWriter",
            "google_storage_bucket_iam_binding.source_bucket_binding_objectViewer"
          ]
        }
      ]
    }
  ],
  "check_results": null
}
